
Microsoft Visual Studio Solution File, Format Version 12.00
Project("{FAE04EC0-301F-11D3-BF4B-00C04F79EFBC}") = "AuthorizationHelper", "AuthorizationHelper\AuthorizationHelper.csproj", "{F770F4CD-7009-4AFE-B22F-7D0AC3D3198A}"
EndProject
Project("{FAE04EC0-301F-11D3-BF4B-00C04F79EFBC}") = "AuthorizationHelperTest", "AuthorizationHelperTest\AuthorizationHelperTest.csproj", "{993100D3-19E9-4AC5-A2EE-478AAD70DEE6}"
EndProject
Global
	GlobalSection(SolutionConfigurationPlatforms) = preSolution
		Debug|Any CPU = Debug|Any CPU
		Release|Any CPU = Release|Any CPU
	EndGlobalSection
	GlobalSection(ProjectConfigurationPlatforms) = postSolution
		{F770F4CD-7009-4AFE-B22F-7D0AC3D3198A}.Debug|Any CPU.ActiveCfg = Debug|Any CPU
		{F770F4CD-7009-4AFE-B22F-7D0AC3D3198A}.Debug|Any CPU.Build.0 = Debug|Any CPU
		{F770F4CD-7009-4AFE-B22F-7D0AC3D3198A}.Release|Any CPU.ActiveCfg = Release|Any CPU
		{F770F4CD-7009-4AFE-B22F-7D0AC3D3198A}.Release|Any CPU.Build.0 = Release|Any CPU
		{993100D3-19E9-4AC5-A2EE-478AAD70DEE6}.Debug|Any CPU.ActiveCfg = Debug|Any CPU
		{993100D3-19E9-4AC5-A2EE-478AAD70DEE6}.Debug|Any CPU.Build.0 = Debug|Any CPU
		{993100D3-19E9-4AC5-A2EE-478AAD70DEE6}.Release|Any CPU.ActiveCfg = Release|Any CPU
	EndGlobalSection
EndGlobal
